
Microsoft Visual Studio Solution File, Format Version 12.00
# Visual Studio Version 17
VisualStudioVersion = 17.0.31903.59
MinimumVisualStudioVersion = 10.0.40219.1
Project("{FAE04EC0-301F-11D3-BF4B-00C04F79EFBC}") = "Ising_model_textual", "Ising_model_textual\Ising_model_textual.csproj", "{8145A10E-2172-4BBD-9B0D-7984A3B493DA}"
EndProject
Global
	GlobalSection(SolutionConfigurationPlatforms) = preSolution
		Debug|Any CPU = Debug|Any CPU
		Release|Any CPU = Release|Any CPU
	EndGlobalSection
	GlobalSection(SolutionProperties) = preSolution
		HideSolutionNode = FALSE
	EndGlobalSection
	GlobalSection(ProjectConfigurationPlatforms) = postSolution
		{8145A10E-2172-4BBD-9B0D-7984A3B493DA}.Debug|Any CPU.ActiveCfg = Debug|Any CPU
		{8145A10E-2172-4BBD-9B0D-7984A3B493DA}.Debug|Any CPU.Build.0 = Debug|Any CPU
		{8145A10E-2172-4BBD-9B0D-7984A3B493DA}.Release|Any CPU.ActiveCfg = Release|Any CPU
		{8145A10E-2172-4BBD-9B0D-7984A3B493DA}.Release|Any CPU.Build.0 = Release|Any CPU
	EndGlobalSection
EndGlobal
